
Microsoft Visual Studio Solution File, Format Version 12.00
# Visual Studio Version 16
VisualStudioVersion = 16.0.32510.428
MinimumVisualStudioVersion = 10.0.40219.1
Project("{FAE04EC0-301F-11D3-BF4B-00C04F79EFBC}") = "Car Class", "Car Class.csproj", "{59CCBBD3-6FB1-4E40-BF34-5A986E73C257}"
EndProject
Global
	GlobalSection(SolutionConfigurationPlatforms) = preSolution
		Debug|Any CPU = Debug|Any CPU
		Release|Any CPU = Release|Any CPU
	EndGlobalSection
	GlobalSection(ProjectConfigurationPlatforms) = postSolution
		{59CCBBD3-6FB1-4E40-BF34-5A986E73C257}.Debug|Any CPU.ActiveCfg = Debug|Any CPU
		{59CCBBD3-6FB1-4E40-BF34-5A986E73C257}.Debug|Any CPU.Build.0 = Debug|Any CPU
		{59CCBBD3-6FB1-4E40-BF34-5A986E73C257}.Release|Any CPU.ActiveCfg = Release|Any CPU
		{59CCBBD3-6FB1-4E40-BF34-5A986E73C257}.Release|Any CPU.Build.0 = Release|Any CPU
	EndGlobalSection
	GlobalSection(SolutionProperties) = preSolution
		HideSolutionNode = FALSE
	EndGlobalSection
	GlobalSection(ExtensibilityGlobals) = postSolution
		SolutionGuid = {578C7EB9-D99C-4E74-B895-7BBD95A85571}
	EndGlobalSection
EndGlobal
